
Microsoft Visual Studio Solution File, Format Version 12.00
# Visual Studio Version 16
VisualStudioVersion = 16.0.30114.105
MinimumVisualStudioVersion = 10.0.40219.1
Project("{888888A0-9F3D-457C-B088-3A5042F75D52}") = "TepisRL", "TepisRL\TepisRL.pyproj", "{14FCDA22-18D7-43B6-AEC5-C5EC9A0A9577}"
EndProject
Global
	GlobalSection(SolutionConfigurationPlatforms) = preSolution
		Debug|Any CPU = Debug|Any CPU
		Release|Any CPU = Release|Any CPU
	EndGlobalSection
	GlobalSection(ProjectConfigurationPlatforms) = postSolution
		{14FCDA22-18D7-43B6-AEC5-C5EC9A0A9577}.Debug|Any CPU.ActiveCfg = Debug|Any CPU
		{14FCDA22-18D7-43B6-AEC5-C5EC9A0A9577}.Release|Any CPU.ActiveCfg = Release|Any CPU
	EndGlobalSection
	GlobalSection(SolutionProperties) = preSolution
		HideSolutionNode = FALSE
	EndGlobalSection
	GlobalSection(ExtensibilityGlobals) = postSolution
		SolutionGuid = {B3CC431E-EAED-4A62-90AC-307717C838DE}
	EndGlobalSection
EndGlobal
